
Microsoft Visual Studio Solution File, Format Version 12.00
# Visual Studio Version 17
VisualStudioVersion = 17.3.32804.467
MinimumVisualStudioVersion = 10.0.40219.1
Project("{FAE04EC0-301F-11D3-BF4B-00C04F79EFBC}") = "EF004CreateSession", "EF004CreateSession.csproj", "{43C6FDB9-3DDC-4F4C-885E-F9C4BC7CB6FB}"
EndProject
Global
	GlobalSection(SolutionConfigurationPlatforms) = preSolution
		Debug|Any CPU = Debug|Any CPU
		Release|Any CPU = Release|Any CPU
	EndGlobalSection
	GlobalSection(ProjectConfigurationPlatforms) = postSolution
		{43C6FDB9-3DDC-4F4C-885E-F9C4BC7CB6FB}.Debug|Any CPU.ActiveCfg = Debug|Any CPU
		{43C6FDB9-3DDC-4F4C-885E-F9C4BC7CB6FB}.Debug|Any CPU.Build.0 = Debug|Any CPU
		{43C6FDB9-3DDC-4F4C-885E-F9C4BC7CB6FB}.Release|Any CPU.ActiveCfg = Release|Any CPU
		{43C6FDB9-3DDC-4F4C-885E-F9C4BC7CB6FB}.Release|Any CPU.Build.0 = Release|Any CPU
	EndGlobalSection
	GlobalSection(SolutionProperties) = preSolution
		HideSolutionNode = FALSE
	EndGlobalSection
	GlobalSection(ExtensibilityGlobals) = postSolution
		SolutionGuid = {0318D097-191D-4DE1-A358-B9CE4FDC4A59}
	EndGlobalSection
EndGlobal
